
Microsoft Visual Studio Solution File, Format Version 12.00
# Visual Studio Version 17
VisualStudioVersion = 17.3.32929.385
MinimumVisualStudioVersion = 10.0.40219.1
Project("{8BC9CEB8-8B4A-11D0-8D11-00A0C91BC942}") = "SHA256", "SHA256.vcxproj", "{F78D3737-1601-4C38-B86F-FFA5176BC60C}"
EndProject
Global
	GlobalSection(SolutionConfigurationPlatforms) = preSolution
		Debug|x64 = Debug|x64
		Debug|x86 = Debug|x86
		Release|x64 = Release|x64
		Release|x86 = Release|x86
	EndGlobalSection
	GlobalSection(ProjectConfigurationPlatforms) = postSolution
		{F78D3737-1601-4C38-B86F-FFA5176BC60C}.Debug|x64.ActiveCfg = Debug|x64
		{F78D3737-1601-4C38-B86F-FFA5176BC60C}.Debug|x64.Build.0 = Debug|x64
		{F78D3737-1601-4C38-B86F-FFA5176BC60C}.Debug|x86.ActiveCfg = Debug|Win32
		{F78D3737-1601-4C38-B86F-FFA5176BC60C}.Debug|x86.Build.0 = Debug|Win32
		{F78D3737-1601-4C38-B86F-FFA5176BC60C}.Release|x64.ActiveCfg = Release|x64
		{F78D3737-1601-4C38-B86F-FFA5176BC60C}.Release|x64.Build.0 = Release|x64
		{F78D3737-1601-4C38-B86F-FFA5176BC60C}.Release|x86.ActiveCfg = Release|Win32
		{F78D3737-1601-4C38-B86F-FFA5176BC60C}.Release|x86.Build.0 = Release|Win32
	EndGlobalSection
	GlobalSection(SolutionProperties) = preSolution
		HideSolutionNode = FALSE
	EndGlobalSection
	GlobalSection(ExtensibilityGlobals) = postSolution
		SolutionGuid = {0A096C45-308A-422E-B705-C31D18928B49}
	EndGlobalSection
EndGlobal
